
Microsoft Visual Studio Solution File, Format Version 12.00
# Visual Studio Version 16
VisualStudioVersion = 16.0.35425.106
MinimumVisualStudioVersion = 10.0.40219.1
Project("{8BC9CEB8-8B4A-11D0-8D11-00A0C91BC942}") = "7-2 Create a Linked List Using Anonymous Variables", "Project1\Project1.vcxproj", "{F81F1C18-027D-4B36-8999-43DE81F3E78A}"
EndProject
Project("{8BC9CEB8-8B4A-11D0-8D11-00A0C91BC942}") = "7-2 Create a Linked List Using Anonymous Variables 2", "7-2 Create a Linked List Using Anonymous Variables 2\7-2 Create a Linked List Using Anonymous Variables 2.vcxproj", "{CBA0DE97-B0A2-4911-8940-F4DDC2D49A7B}"
EndProject
Project("{8BC9CEB8-8B4A-11D0-8D11-00A0C91BC942}") = "7-2 Create a Linked List Using Anonymous Variables 3", "7-2 Create a Linked List Using Anonymous Variables 3\7-2 Create a Linked List Using Anonymous Variables 3.vcxproj", "{A0E74594-48DE-4D4F-9DFA-2696486456B5}"
EndProject
Project("{8BC9CEB8-8B4A-11D0-8D11-00A0C91BC942}") = "7-2 Create a Linked List Using Anonymous Variables 4", "7-2 Create a Linked List Using Anonymous Variables 4\7-2 Create a Linked List Using Anonymous Variables 4.vcxproj", "{C9E8A283-9EDE-470C-BA56-205EEEB84A09}"
EndProject
Project("{8BC9CEB8-8B4A-11D0-8D11-00A0C91BC942}") = "7-2 Create a Linked List Using Anonymous Variabels 5", "7-2 Create a Linked List Using Anonymous Variabels 5\7-2 Create a Linked List Using Anonymous Variabels 5.vcxproj", "{25CD43C0-1465-4FFE-B9AA-152B76B642B7}"
EndProject
Project("{8BC9CEB8-8B4A-11D0-8D11-00A0C91BC942}") = "7-2 Create a Linked List Using Anonymous Variables 5", "7-2 Create a Linked List Using Anonymous Variables 5\7-2 Create a Linked List Using Anonymous Variables 5.vcxproj", "{896B85C4-85F6-4834-B34C-86056D278381}"
EndProject
Project("{8BC9CEB8-8B4A-11D0-8D11-00A0C91BC942}") = "7-2 Create a Linked List Using Anonymous Variables 6", "7-2 Create a Linked List Using Anonymous Variables 6\7-2 Create a Linked List Using Anonymous Variables 6.vcxproj", "{6B99AD2D-3B4A-46F5-8B63-9DBD659AACF3}"
EndProject
Project("{8BC9CEB8-8B4A-11D0-8D11-00A0C91BC942}") = "7-2 Create a Linked List Using Anonymous Variables 4-1", "7-2 Create a Linked List Using Anonymous Variables 4-1\7-2 Create a Linked List Using Anonymous Variables 4-1.vcxproj", "{92078661-1487-4266-887B-B0873B5C7A5F}"
EndProject
Project("{8BC9CEB8-8B4A-11D0-8D11-00A0C91BC942}") = "7-2 Create a Linked List Using Anonymous Variables 4-2", "7-2 Create a Linked List Using Anonymous Variables 4-2\7-2 Create a Linked List Using Anonymous Variables 4-2.vcxproj", "{4FABF567-B6B2-4130-A56A-270F695BCD99}"
EndProject
Project("{8BC9CEB8-8B4A-11D0-8D11-00A0C91BC942}") = "7-2 Create a Linked List Using Anonymous Variables 4-3", "7-2 Create a Linked List Using Anonymous Variables 4-3\7-2 Create a Linked List Using Anonymous Variables 4-3.vcxproj", "{14AF08FD-6868-4641-9F3E-3B9F18050F1E}"
EndProject
Project("{8BC9CEB8-8B4A-11D0-8D11-00A0C91BC942}") = "7-2 Create a Linked List Using Anonymous Variables 4-4", "7-2 Create a Linked List Using Anonymous Variables 4-4\7-2 Create a Linked List Using Anonymous Variables 4-4.vcxproj", "{5B1C0BB5-1EFA-4F8C-80C9-81B771787720}"
EndProject
Project("{8BC9CEB8-8B4A-11D0-8D11-00A0C91BC942}") = "7-2 Create a Linked List Using Anonymous Variables 4-5", "7-2 Create a Linked List Using Anonymous Variables 4-5\7-2 Create a Linked List Using Anonymous Variables 4-5.vcxproj", "{5327EDE0-5C18-49F8-AEBA-2A9E90472F3D}"
EndProject
Project("{8BC9CEB8-8B4A-11D0-8D11-00A0C91BC942}") = "7-2 Create a Linked List Using Anonymous Variables 4-6", "7-2 Create a Linked List Using Anonymous Variables 4-6\7-2 Create a Linked List Using Anonymous Variables 4-6.vcxproj", "{A179DCDF-FEA5-4A89-9005-033575F9A154}"
EndProject
Project("{8BC9CEB8-8B4A-11D0-8D11-00A0C91BC942}") = "7-2 Create a Linked List Using Anonymous Variables 7", "7-2 Create a Linked List Using Anonymous Variables 7\7-2 Create a Linked List Using Anonymous Variables 7.vcxproj", "{63316D2F-2F5C-4B92-B027-8A2DCA15E748}"
EndProject
Project("{8BC9CEB8-8B4A-11D0-8D11-00A0C91BC942}") = "7-3 Delete a Component from a Linked List", "7-3 Delete a Component from a Linked List\7-3 Delete a Component from a Linked List.vcxproj", "{4D28020D-409F-4237-989C-8A37D90707B4}"
EndProject
Project("{8BC9CEB8-8B4A-11D0-8D11-00A0C91BC942}") = "Linked List", "Linked List\Linked List.vcxproj", "{4BD1D83C-A9F3-440D-A142-2C8FF0069FD2}"
EndProject
Project("{8BC9CEB8-8B4A-11D0-8D11-00A0C91BC942}") = "7-6 Process a Linear Linked List", "7-6 Process a Linear Linked List\7-6 Process a Linear Linked List.vcxproj", "{144D8A88-CA89-4CA1-A600-AF1538B39DC0}"
EndProject
Project("{8BC9CEB8-8B4A-11D0-8D11-00A0C91BC942}") = "7-3 Delete a Component from a Linked List 2", "7-3 Delete a Component from a Linked List 2\7-3 Delete a Component from a Linked List 2.vcxproj", "{A6606D81-C5A7-4EEA-B213-48A0FA2597F9}"
EndProject
Project("{8BC9CEB8-8B4A-11D0-8D11-00A0C91BC942}") = "7-6 Process a Linear Linked List 2", "7-6 Process a Linear Linked List 2\7-6 Process a Linear Linked List 2.vcxproj", "{E2068520-3617-4A2C-BB85-FFF17931B675}"
EndProject
Project("{8BC9CEB8-8B4A-11D0-8D11-00A0C91BC942}") = "7-6 Process a Linear Linked List 3", "7-6 Process a Linear Linked List 3\7-6 Process a Linear Linked List 3.vcxproj", "{239CDFBB-2F3D-47EC-BB8C-B4F228747908}"
EndProject
Project("{8BC9CEB8-8B4A-11D0-8D11-00A0C91BC942}") = "7-6 Process a Linear Linked List 4", "7-6 Process a Linear Linked List 4\7-6 Process a Linear Linked List 4.vcxproj", "{F0E215A1-9E57-47EE-BAA6-70FDB0267A55}"
EndProject
Project("{8BC9CEB8-8B4A-11D0-8D11-00A0C91BC942}") = "7-3 Insert a component into a Linked List", "7-3 Insert a component into a Linked List\7-3 Insert a component into a Linked List.vcxproj", "{F37522D0-67CD-4A08-B288-D72333E23641}"
EndProject
Project("{8BC9CEB8-8B4A-11D0-8D11-00A0C91BC942}") = "7-4 Insert a Component into a Linked List", "7-4 Insert a Component into a Linked List\7-4 Insert a Component into a Linked List.vcxproj", "{DA6B2CC4-25DF-4F6E-A2A9-5C3EF793A425}"
EndProject
Project("{8BC9CEB8-8B4A-11D0-8D11-00A0C91BC942}") = "7-6 Process a Linear Linked List (Apotheosis)", "7-6 Process a Linear Linked List (Apotheosis)\7-6 Process a Linear Linked List (Apotheosis).vcxproj", "{A9877C2F-E98B-4B0A-97F7-0C5E959B8884}"
EndProject
Project("{8BC9CEB8-8B4A-11D0-8D11-00A0C91BC942}") = "7-6 Process a Linear Linked List (Apotheosis 2)", "7-6 Process a Linear Linked List (Apotheosis 2)\7-6 Process a Linear Linked List (Apotheosis 2).vcxproj", "{441B2787-4C6D-46DE-A9E8-01175F93AF0E}"
EndProject
Project("{8BC9CEB8-8B4A-11D0-8D11-00A0C91BC942}") = "7-6 Process a Linear Linked List (Apotheosis 3)", "7-6 Process a Linear Linked List (Apotheosis 3)\7-6 Process a Linear Linked List (Apotheosis 3).vcxproj", "{C5590745-EBAB-4962-89EE-B92778928F60}"
EndProject
Project("{8BC9CEB8-8B4A-11D0-8D11-00A0C91BC942}") = "7-6 Process a Linked List (Apotheosis 4)", "7-6 Process a Linked List (Apotheosis 4)\7-6 Process a Linked List (Apotheosis 4).vcxproj", "{237E2121-96EF-41F4-B6CF-00EAB43305C7}"
EndProject
Project("{8BC9CEB8-8B4A-11D0-8D11-00A0C91BC942}") = "7-6 Process a Linear Linked List (Apotheosis 4)", "7-6 Process a Linear Linked List (Apotheosis 4)\7-6 Process a Linear Linked List (Apotheosis 4).vcxproj", "{98CDB9E2-10D1-49D6-9C0D-BCDC2F7AFC5C}"
EndProject
Project("{8BC9CEB8-8B4A-11D0-8D11-00A0C91BC942}") = "7-6 Process a Linear Linked List (Apotheosis 5)", "7-6 Process a Linear Linked List (Apotheosis 5)\7-6 Process a Linear Linked List (Apotheosis 5).vcxproj", "{CC2F7B6E-7CA1-4C41-AEBA-8994CA99BFA3}"
EndProject
Global
	GlobalSection(SolutionConfigurationPlatforms) = preSolution
		Debug|x64 = Debug|x64
		Debug|x86 = Debug|x86
		Release|x64 = Release|x64
		Release|x86 = Release|x86
	EndGlobalSection
	GlobalSection(ProjectConfigurationPlatforms) = postSolution
		{F81F1C18-027D-4B36-8999-43DE81F3E78A}.Debug|x64.ActiveCfg = Debug|x64
		{F81F1C18-027D-4B36-8999-43DE81F3E78A}.Debug|x64.Build.0 = Debug|x64
		{F81F1C18-027D-4B36-8999-43DE81F3E78A}.Debug|x86.ActiveCfg = Debug|Win32
		{F81F1C18-027D-4B36-8999-43DE81F3E78A}.Debug|x86.Build.0 = Debug|Win32
		{F81F1C18-027D-4B36-8999-43DE81F3E78A}.Release|x64.ActiveCfg = Release|x64
		{F81F1C18-027D-4B36-8999-43DE81F3E78A}.Release|x64.Build.0 = Release|x64
		{F81F1C18-027D-4B36-8999-43DE81F3E78A}.Release|x86.ActiveCfg = Release|Win32
		{F81F1C18-027D-4B36-8999-43DE81F3E78A}.Release|x86.Build.0 = Release|Win32
		{CBA0DE97-B0A2-4911-8940-F4DDC2D49A7B}.Debug|x64.ActiveCfg = Debug|x64
		{CBA0DE97-B0A2-4911-8940-F4DDC2D49A7B}.Debug|x64.Build.0 = Debug|x64
		{CBA0DE97-B0A2-4911-8940-F4DDC2D49A7B}.Debug|x86.ActiveCfg = Debug|Win32
		{CBA0DE97-B0A2-4911-8940-F4DDC2D49A7B}.Debug|x86.Build.0 = Debug|Win32
		{CBA0DE97-B0A2-4911-8940-F4DDC2D49A7B}.Release|x64.ActiveCfg = Release|x64
		{CBA0DE97-B0A2-4911-8940-F4DDC2D49A7B}.Release|x64.Build.0 = Release|x64
		{CBA0DE97-B0A2-4911-8940-F4DDC2D49A7B}.Release|x86.ActiveCfg = Release|Win32
		{CBA0DE97-B0A2-4911-8940-F4DDC2D49A7B}.Release|x86.Build.0 = Release|Win32
		{A0E74594-48DE-4D4F-9DFA-2696486456B5}.Debug|x64.ActiveCfg = Debug|x64
		{A0E74594-48DE-4D4F-9DFA-2696486456B5}.Debug|x64.Build.0 = Debug|x64
		{A0E74594-48DE-4D4F-9DFA-2696486456B5}.Debug|x86.ActiveCfg = Debug|Win32
		{A0E74594-48DE-4D4F-9DFA-2696486456B5}.Debug|x86.Build.0 = Debug|Win32
		{A0E74594-48DE-4D4F-9DFA-2696486456B5}.Release|x64.ActiveCfg = Release|x64
		{A0E74594-48DE-4D4F-9DFA-2696486456B5}.Release|x64.Build.0 = Release|x64
		{A0E74594-48DE-4D4F-9DFA-2696486456B5}.Release|x86.ActiveCfg = Release|Win32
		{A0E74594-48DE-4D4F-9DFA-2696486456B5}.Release|x86.Build.0 = Release|Win32
		{C9E8A283-9EDE-470C-BA56-205EEEB84A09}.Debug|x64.ActiveCfg = Debug|x64
		{C9E8A283-9EDE-470C-BA56-205EEEB84A09}.Debug|x64.Build.0 = Debug|x64
		{C9E8A283-9EDE-470C-BA56-205EEEB84A09}.Debug|x86.ActiveCfg = Debug|Win32
		{C9E8A283-9EDE-470C-BA56-205EEEB84A09}.Debug|x86.Build.0 = Debug|Win32
		{C9E8A283-9EDE-470C-BA56-205EEEB84A09}.Release|x64.ActiveCfg = Release|x64
		{C9E8A283-9EDE-470C-BA56-205EEEB84A09}.Release|x64.Build.0 = Release|x64
		{C9E8A283-9EDE-470C-BA56-205EEEB84A09}.Release|x86.ActiveCfg = Release|Win32
		{C9E8A283-9EDE-470C-BA56-205EEEB84A09}.Release|x86.Build.0 = Release|Win32
		{25CD43C0-1465-4FFE-B9AA-152B76B642B7}.Debug|x64.ActiveCfg = Debug|x64
		{25CD43C0-1465-4FFE-B9AA-152B76B642B7}.Debug|x64.Build.0 = Debug|x64
		{25CD43C0-1465-4FFE-B9AA-152B76B642B7}.Debug|x86.ActiveCfg = Debug|Win32
		{25CD43C0-1465-4FFE-B9AA-152B76B642B7}.Debug|x86.Build.0 = Debug|Win32
		{25CD43C0-1465-4FFE-B9AA-152B76B642B7}.Release|x64.ActiveCfg = Release|x64
		{25CD43C0-1465-4FFE-B9AA-152B76B642B7}.Release|x64.Build.0 = Release|x64
		{25CD43C0-1465-4FFE-B9AA-152B76B642B7}.Release|x86.ActiveCfg = Release|Win32
		{25CD43C0-1465-4FFE-B9AA-152B76B642B7}.Release|x86.Build.0 = Release|Win32
		{896B85C4-85F6-4834-B34C-86056D278381}.Debug|x64.ActiveCfg = Debug|x64
		{896B85C4-85F6-4834-B34C-86056D278381}.Debug|x64.Build.0 = Debug|x64
		{896B85C4-85F6-4834-B34C-86056D278381}.Debug|x86.ActiveCfg = Debug|Win32
		{896B85C4-85F6-4834-B34C-86056D278381}.Debug|x86.Build.0 = Debug|Win32
		{896B85C4-85F6-4834-B34C-86056D278381}.Release|x64.ActiveCfg = Release|x64
		{896B85C4-85F6-4834-B34C-86056D278381}.Release|x64.Build.0 = Release|x64
		{896B85C4-85F6-4834-B34C-86056D278381}.Release|x86.ActiveCfg = Release|Win32
		{896B85C4-85F6-4834-B34C-86056D278381}.Release|x86.Build.0 = Release|Win32
		{6B99AD2D-3B4A-46F5-8B63-9DBD659AACF3}.Debug|x64.ActiveCfg = Debug|x64
		{6B99AD2D-3B4A-46F5-8B63-9DBD659AACF3}.Debug|x64.Build.0 = Debug|x64
		{6B99AD2D-3B4A-46F5-8B63-9DBD659AACF3}.Debug|x86.ActiveCfg = Debug|Win32
		{6B99AD2D-3B4A-46F5-8B63-9DBD659AACF3}.Debug|x86.Build.0 = Debug|Win32
		{6B99AD2D-3B4A-46F5-8B63-9DBD659AACF3}.Release|x64.ActiveCfg = Release|x64
		{6B99AD2D-3B4A-46F5-8B63-9DBD659AACF3}.Release|x64.Build.0 = Release|x64
		{6B99AD2D-3B4A-46F5-8B63-9DBD659AACF3}.Release|x86.ActiveCfg = Release|Win32
		{6B99AD2D-3B4A-46F5-8B63-9DBD659AACF3}.Release|x86.Build.0 = Release|Win32
		{92078661-1487-4266-887B-B0873B5C7A5F}.Debug|x64.ActiveCfg = Debug|x64
		{92078661-1487-4266-887B-B0873B5C7A5F}.Debug|x64.Build.0 = Debug|x64
		{92078661-1487-4266-887B-B0873B5C7A5F}.Debug|x86.ActiveCfg = Debug|Win32
		{92078661-1487-4266-887B-B0873B5C7A5F}.Debug|x86.Build.0 = Debug|Win32
		{92078661-1487-4266-887B-B0873B5C7A5F}.Release|x64.ActiveCfg = Release|x64
		{92078661-1487-4266-887B-B0873B5C7A5F}.Release|x64.Build.0 = Release|x64
		{92078661-1487-4266-887B-B0873B5C7A5F}.Release|x86.ActiveCfg = Release|Win32
		{92078661-1487-4266-887B-B0873B5C7A5F}.Release|x86.Build.0 = Release|Win32
		{4FABF567-B6B2-4130-A56A-270F695BCD99}.Debug|x64.ActiveCfg = Debug|x64
		{4FABF567-B6B2-4130-A56A-270F695BCD99}.Debug|x64.Build.0 = Debug|x64
		{4FABF567-B6B2-4130-A56A-270F695BCD99}.Debug|x86.ActiveCfg = Debug|Win32
		{4FABF567-B6B2-4130-A56A-270F695BCD99}.Debug|x86.Build.0 = Debug|Win32
		{4FABF567-B6B2-4130-A56A-270F695BCD99}.Release|x64.ActiveCfg = Release|x64
		{4FABF567-B6B2-4130-A56A-270F695BCD99}.Release|x64.Build.0 = Release|x64
		{4FABF567-B6B2-4130-A56A-270F695BCD99}.Release|x86.ActiveCfg = Release|Win32
		{4FABF567-B6B2-4130-A56A-270F695BCD99}.Release|x86.Build.0 = Release|Win32
		{14AF08FD-6868-4641-9F3E-3B9F18050F1E}.Debug|x64.ActiveCfg = Debug|x64
		{14AF08FD-6868-4641-9F3E-3B9F18050F1E}.Debug|x64.Build.0 = Debug|x64
		{14AF08FD-6868-4641-9F3E-3B9F18050F1E}.Debug|x86.ActiveCfg = Debug|Win32
		{14AF08FD-6868-4641-9F3E-3B9F18050F1E}.Debug|x86.Build.0 = Debug|Win32
		{14AF08FD-6868-4641-9F3E-3B9F18050F1E}.Release|x64.ActiveCfg = Release|x64
		{14AF08FD-6868-4641-9F3E-3B9F18050F1E}.Release|x64.Build.0 = Release|x64
		{14AF08FD-6868-4641-9F3E-3B9F18050F1E}.Release|x86.ActiveCfg = Release|Win32
		{14AF08FD-6868-4641-9F3E-3B9F18050F1E}.Release|x86.Build.0 = Release|Win32
		{5B1C0BB5-1EFA-4F8C-80C9-81B771787720}.Debug|x64.ActiveCfg = Debug|x64
		{5B1C0BB5-1EFA-4F8C-80C9-81B771787720}.Debug|x64.Build.0 = Debug|x64
		{5B1C0BB5-1EFA-4F8C-80C9-81B771787720}.Debug|x86.ActiveCfg = Debug|Win32
		{5B1C0BB5-1EFA-4F8C-80C9-81B771787720}.Debug|x86.Build.0 = Debug|Win32
		{5B1C0BB5-1EFA-4F8C-80C9-81B771787720}.Release|x64.ActiveCfg = Release|x64
		{5B1C0BB5-1EFA-4F8C-80C9-81B771787720}.Release|x64.Build.0 = Release|x64
		{5B1C0BB5-1EFA-4F8C-80C9-81B771787720}.Release|x86.ActiveCfg = Release|Win32
		{5B1C0BB5-1EFA-4F8C-80C9-81B771787720}.Release|x86.Build.0 = Release|Win32
		{5327EDE0-5C18-49F8-AEBA-2A9E90472F3D}.Debug|x64.ActiveCfg = Debug|x64
		{5327EDE0-5C18-49F8-AEBA-2A9E90472F3D}.Debug|x64.Build.0 = Debug|x64
		{5327EDE0-5C18-49F8-AEBA-2A9E90472F3D}.Debug|x86.ActiveCfg = Debug|Win32
		{5327EDE0-5C18-49F8-AEBA-2A9E90472F3D}.Debug|x86.Build.0 = Debug|Win32
		{5327EDE0-5C18-49F8-AEBA-2A9E90472F3D}.Release|x64.ActiveCfg = Release|x64
		{5327EDE0-5C18-49F8-AEBA-2A9E90472F3D}.Release|x64.Build.0 = Release|x64
		{5327EDE0-5C18-49F8-AEBA-2A9E90472F3D}.Release|x86.ActiveCfg = Release|Win32
		{5327EDE0-5C18-49F8-AEBA-2A9E90472F3D}.Release|x86.Build.0 = Release|Win32
		{A179DCDF-FEA5-4A89-9005-033575F9A154}.Debug|x64.ActiveCfg = Debug|x64
		{A179DCDF-FEA5-4A89-9005-033575F9A154}.Debug|x64.Build.0 = Debug|x64
		{A179DCDF-FEA5-4A89-9005-033575F9A154}.Debug|x86.ActiveCfg = Debug|Win32
		{A179DCDF-FEA5-4A89-9005-033575F9A154}.Debug|x86.Build.0 = Debug|Win32
		{A179DCDF-FEA5-4A89-9005-033575F9A154}.Release|x64.ActiveCfg = Release|x64
		{A179DCDF-FEA5-4A89-9005-033575F9A154}.Release|x64.Build.0 = Release|x64
		{A179DCDF-FEA5-4A89-9005-033575F9A154}.Release|x86.ActiveCfg = Release|Win32
		{A179DCDF-FEA5-4A89-9005-033575F9A154}.Release|x86.Build.0 = Release|Win32
		{63316D2F-2F5C-4B92-B027-8A2DCA15E748}.Debug|x64.ActiveCfg = Debug|x64
		{63316D2F-2F5C-4B92-B027-8A2DCA15E748}.Debug|x64.Build.0 = Debug|x64
		{63316D2F-2F5C-4B92-B027-8A2DCA15E748}.Debug|x86.ActiveCfg = Debug|Win32
		{63316D2F-2F5C-4B92-B027-8A2DCA15E748}.Debug|x86.Build.0 = Debug|Win32
		{63316D2F-2F5C-4B92-B027-8A2DCA15E748}.Release|x64.ActiveCfg = Release|x64
		{63316D2F-2F5C-4B92-B027-8A2DCA15E748}.Release|x64.Build.0 = Release|x64
		{63316D2F-2F5C-4B92-B027-8A2DCA15E748}.Release|x86.ActiveCfg = Release|Win32
		{63316D2F-2F5C-4B92-B027-8A2DCA15E748}.Release|x86.Build.0 = Release|Win32
		{4D28020D-409F-4237-989C-8A37D90707B4}.Debug|x64.ActiveCfg = Debug|x64
		{4D28020D-409F-4237-989C-8A37D90707B4}.Debug|x64.Build.0 = Debug|x64
		{4D28020D-409F-4237-989C-8A37D90707B4}.Debug|x86.ActiveCfg = Debug|Win32
		{4D28020D-409F-4237-989C-8A37D90707B4}.Debug|x86.Build.0 = Debug|Win32
		{4D28020D-409F-4237-989C-8A37D90707B4}.Release|x64.ActiveCfg = Release|x64
		{4D28020D-409F-4237-989C-8A37D90707B4}.Release|x64.Build.0 = Release|x64
		{4D28020D-409F-4237-989C-8A37D90707B4}.Release|x86.ActiveCfg = Release|Win32
		{4D28020D-409F-4237-989C-8A37D90707B4}.Release|x86.Build.0 = Release|Win32
		{4BD1D83C-A9F3-440D-A142-2C8FF0069FD2}.Debug|x64.ActiveCfg = Debug|x64
		{4BD1D83C-A9F3-440D-A142-2C8FF0069FD2}.Debug|x64.Build.0 = Debug|x64
		{4BD1D83C-A9F3-440D-A142-2C8FF0069FD2}.Debug|x86.ActiveCfg = Debug|Win32
		{4BD1D83C-A9F3-440D-A142-2C8FF0069FD2}.Debug|x86.Build.0 = Debug|Win32
		{4BD1D83C-A9F3-440D-A142-2C8FF0069FD2}.Release|x64.ActiveCfg = Release|x64
		{4BD1D83C-A9F3-440D-A142-2C8FF0069FD2}.Release|x64.Build.0 = Release|x64
		{4BD1D83C-A9F3-440D-A142-2C8FF0069FD2}.Release|x86.ActiveCfg = Release|Win32
		{4BD1D83C-A9F3-440D-A142-2C8FF0069FD2}.Release|x86.Build.0 = Release|Win32
		{144D8A88-CA89-4CA1-A600-AF1538B39DC0}.Debug|x64.ActiveCfg = Debug|x64
		{144D8A88-CA89-4CA1-A600-AF1538B39DC0}.Debug|x64.Build.0 = Debug|x64
		{144D8A88-CA89-4CA1-A600-AF1538B39DC0}.Debug|x86.ActiveCfg = Debug|Win32
		{144D8A88-CA89-4CA1-A600-AF1538B39DC0}.Debug|x86.Build.0 = Debug|Win32
		{144D8A88-CA89-4CA1-A600-AF1538B39DC0}.Release|x64.ActiveCfg = Release|x64
		{144D8A88-CA89-4CA1-A600-AF1538B39DC0}.Release|x64.Build.0 = Release|x64
		{144D8A88-CA89-4CA1-A600-AF1538B39DC0}.Release|x86.ActiveCfg = Release|Win32
		{144D8A88-CA89-4CA1-A600-AF1538B39DC0}.Release|x86.Build.0 = Release|Win32
		{A6606D81-C5A7-4EEA-B213-48A0FA2597F9}.Debug|x64.ActiveCfg = Debug|x64
		{A6606D81-C5A7-4EEA-B213-48A0FA2597F9}.Debug|x64.Build.0 = Debug|x64
		{A6606D81-C5A7-4EEA-B213-48A0FA2597F9}.Debug|x86.ActiveCfg = Debug|Win32
		{A6606D81-C5A7-4EEA-B213-48A0FA2597F9}.Debug|x86.Build.0 = Debug|Win32
		{A6606D81-C5A7-4EEA-B213-48A0FA2597F9}.Release|x64.ActiveCfg = Release|x64
		{A6606D81-C5A7-4EEA-B213-48A0FA2597F9}.Release|x64.Build.0 = Release|x64
		{A6606D81-C5A7-4EEA-B213-48A0FA2597F9}.Release|x86.ActiveCfg = Release|Win32
		{A6606D81-C5A7-4EEA-B213-48A0FA2597F9}.Release|x86.Build.0 = Release|Win32
		{E2068520-3617-4A2C-BB85-FFF17931B675}.Debug|x64.ActiveCfg = Debug|x64
		{E2068520-3617-4A2C-BB85-FFF17931B675}.Debug|x64.Build.0 = Debug|x64
		{E2068520-3617-4A2C-BB85-FFF17931B675}.Debug|x86.ActiveCfg = Debug|Win32
		{E2068520-3617-4A2C-BB85-FFF17931B675}.Debug|x86.Build.0 = Debug|Win32
		{E2068520-3617-4A2C-BB85-FFF17931B675}.Release|x64.ActiveCfg = Release|x64
		{E2068520-3617-4A2C-BB85-FFF17931B675}.Release|x64.Build.0 = Release|x64
		{E2068520-3617-4A2C-BB85-FFF17931B675}.Release|x86.ActiveCfg = Release|Win32
		{E2068520-3617-4A2C-BB85-FFF17931B675}.Release|x86.Build.0 = Release|Win32
		{239CDFBB-2F3D-47EC-BB8C-B4F228747908}.Debug|x64.ActiveCfg = Debug|x64
		{239CDFBB-2F3D-47EC-BB8C-B4F228747908}.Debug|x64.Build.0 = Debug|x64
		{239CDFBB-2F3D-47EC-BB8C-B4F228747908}.Debug|x86.ActiveCfg = Debug|Win32
		{239CDFBB-2F3D-47EC-BB8C-B4F228747908}.Debug|x86.Build.0 = Debug|Win32
		{239CDFBB-2F3D-47EC-BB8C-B4F228747908}.Release|x64.ActiveCfg = Release|x64
		{239CDFBB-2F3D-47EC-BB8C-B4F228747908}.Release|x64.Build.0 = Release|x64
		{239CDFBB-2F3D-47EC-BB8C-B4F228747908}.Release|x86.ActiveCfg = Release|Win32
		{239CDFBB-2F3D-47EC-BB8C-B4F228747908}.Release|x86.Build.0 = Release|Win32
		{F0E215A1-9E57-47EE-BAA6-70FDB0267A55}.Debug|x64.ActiveCfg = Debug|x64
		{F0E215A1-9E57-47EE-BAA6-70FDB0267A55}.Debug|x64.Build.0 = Debug|x64
		{F0E215A1-9E57-47EE-BAA6-70FDB0267A55}.Debug|x86.ActiveCfg = Debug|Win32
		{F0E215A1-9E57-47EE-BAA6-70FDB0267A55}.Debug|x86.Build.0 = Debug|Win32
		{F0E215A1-9E57-47EE-BAA6-70FDB0267A55}.Release|x64.ActiveCfg = Release|x64
		{F0E215A1-9E57-47EE-BAA6-70FDB0267A55}.Release|x64.Build.0 = Release|x64
		{F0E215A1-9E57-47EE-BAA6-70FDB0267A55}.Release|x86.ActiveCfg = Release|Win32
		{F0E215A1-9E57-47EE-BAA6-70FDB0267A55}.Release|x86.Build.0 = Release|Win32
		{F37522D0-67CD-4A08-B288-D72333E23641}.Debug|x64.ActiveCfg = Debug|x64
		{F37522D0-67CD-4A08-B288-D72333E23641}.Debug|x64.Build.0 = Debug|x64
		{F37522D0-67CD-4A08-B288-D72333E23641}.Debug|x86.ActiveCfg = Debug|Win32
		{F37522D0-67CD-4A08-B288-D72333E23641}.Debug|x86.Build.0 = Debug|Win32
		{F37522D0-67CD-4A08-B288-D72333E23641}.Release|x64.ActiveCfg = Release|x64
		{F37522D0-67CD-4A08-B288-D72333E23641}.Release|x64.Build.0 = Release|x64
		{F37522D0-67CD-4A08-B288-D72333E23641}.Release|x86.ActiveCfg = Release|Win32
		{F37522D0-67CD-4A08-B288-D72333E23641}.Release|x86.Build.0 = Release|Win32
		{DA6B2CC4-25DF-4F6E-A2A9-5C3EF793A425}.Debug|x64.ActiveCfg = Debug|x64
		{DA6B2CC4-25DF-4F6E-A2A9-5C3EF793A425}.Debug|x64.Build.0 = Debug|x64
		{DA6B2CC4-25DF-4F6E-A2A9-5C3EF793A425}.Debug|x86.ActiveCfg = Debug|Win32
		{DA6B2CC4-25DF-4F6E-A2A9-5C3EF793A425}.Debug|x86.Build.0 = Debug|Win32
		{DA6B2CC4-25DF-4F6E-A2A9-5C3EF793A425}.Release|x64.ActiveCfg = Release|x64
		{DA6B2CC4-25DF-4F6E-A2A9-5C3EF793A425}.Release|x64.Build.0 = Release|x64
		{DA6B2CC4-25DF-4F6E-A2A9-5C3EF793A425}.Release|x86.ActiveCfg = Release|Win32
		{DA6B2CC4-25DF-4F6E-A2A9-5C3EF793A425}.Release|x86.Build.0 = Release|Win32
		{A9877C2F-E98B-4B0A-97F7-0C5E959B8884}.Debug|x64.ActiveCfg = Debug|x64
		{A9877C2F-E98B-4B0A-97F7-0C5E959B8884}.Debug|x64.Build.0 = Debug|x64
		{A9877C2F-E98B-4B0A-97F7-0C5E959B8884}.Debug|x86.ActiveCfg = Debug|Win32
		{A9877C2F-E98B-4B0A-97F7-0C5E959B8884}.Debug|x86.Build.0 = Debug|Win32
		{A9877C2F-E98B-4B0A-97F7-0C5E959B8884}.Release|x64.ActiveCfg = Release|x64
		{A9877C2F-E98B-4B0A-97F7-0C5E959B8884}.Release|x64.Build.0 = Release|x64
		{A9877C2F-E98B-4B0A-97F7-0C5E959B8884}.Release|x86.ActiveCfg = Release|Win32
		{A9877C2F-E98B-4B0A-97F7-0C5E959B8884}.Release|x86.Build.0 = Release|Win32
		{441B2787-4C6D-46DE-A9E8-01175F93AF0E}.Debug|x64.ActiveCfg = Debug|x64
		{441B2787-4C6D-46DE-A9E8-01175F93AF0E}.Debug|x64.Build.0 = Debug|x64
		{441B2787-4C6D-46DE-A9E8-01175F93AF0E}.Debug|x86.ActiveCfg = Debug|Win32
		{441B2787-4C6D-46DE-A9E8-01175F93AF0E}.Debug|x86.Build.0 = Debug|Win32
		{441B2787-4C6D-46DE-A9E8-01175F93AF0E}.Release|x64.ActiveCfg = Release|x64
		{441B2787-4C6D-46DE-A9E8-01175F93AF0E}.Release|x64.Build.0 = Release|x64
		{441B2787-4C6D-46DE-A9E8-01175F93AF0E}.Release|x86.ActiveCfg = Release|Win32
		{441B2787-4C6D-46DE-A9E8-01175F93AF0E}.Release|x86.Build.0 = Release|Win32
		{C5590745-EBAB-4962-89EE-B92778928F60}.Debug|x64.ActiveCfg = Debug|x64
		{C5590745-EBAB-4962-89EE-B92778928F60}.Debug|x64.Build.0 = Debug|x64
		{C5590745-EBAB-4962-89EE-B92778928F60}.Debug|x86.ActiveCfg = Debug|Win32
		{C5590745-EBAB-4962-89EE-B92778928F60}.Debug|x86.Build.0 = Debug|Win32
		{C5590745-EBAB-4962-89EE-B92778928F60}.Release|x64.ActiveCfg = Release|x64
		{C5590745-EBAB-4962-89EE-B92778928F60}.Release|x64.Build.0 = Release|x64
		{C5590745-EBAB-4962-89EE-B92778928F60}.Release|x86.ActiveCfg = Release|Win32
		{C5590745-EBAB-4962-89EE-B92778928F60}.Release|x86.Build.0 = Release|Win32
		{237E2121-96EF-41F4-B6CF-00EAB43305C7}.Debug|x64.ActiveCfg = Debug|x64
		{237E2121-96EF-41F4-B6CF-00EAB43305C7}.Debug|x64.Build.0 = Debug|x64
		{237E2121-96EF-41F4-B6CF-00EAB43305C7}.Debug|x86.ActiveCfg = Debug|Win32
		{237E2121-96EF-41F4-B6CF-00EAB43305C7}.Debug|x86.Build.0 = Debug|Win32
		{237E2121-96EF-41F4-B6CF-00EAB43305C7}.Release|x64.ActiveCfg = Release|x64
		{237E2121-96EF-41F4-B6CF-00EAB43305C7}.Release|x64.Build.0 = Release|x64
		{237E2121-96EF-41F4-B6CF-00EAB43305C7}.Release|x86.ActiveCfg = Release|Win32
		{237E2121-96EF-41F4-B6CF-00EAB43305C7}.Release|x86.Build.0 = Release|Win32
		{98CDB9E2-10D1-49D6-9C0D-BCDC2F7AFC5C}.Debug|x64.ActiveCfg = Debug|x64
		{98CDB9E2-10D1-49D6-9C0D-BCDC2F7AFC5C}.Debug|x64.Build.0 = Debug|x64
		{98CDB9E2-10D1-49D6-9C0D-BCDC2F7AFC5C}.Debug|x86.ActiveCfg = Debug|Win32
		{98CDB9E2-10D1-49D6-9C0D-BCDC2F7AFC5C}.Debug|x86.Build.0 = Debug|Win32
		{98CDB9E2-10D1-49D6-9C0D-BCDC2F7AFC5C}.Release|x64.ActiveCfg = Release|x64
		{98CDB9E2-10D1-49D6-9C0D-BCDC2F7AFC5C}.Release|x64.Build.0 = Release|x64
		{98CDB9E2-10D1-49D6-9C0D-BCDC2F7AFC5C}.Release|x86.ActiveCfg = Release|Win32
		{98CDB9E2-10D1-49D6-9C0D-BCDC2F7AFC5C}.Release|x86.Build.0 = Release|Win32
		{CC2F7B6E-7CA1-4C41-AEBA-8994CA99BFA3}.Debug|x64.ActiveCfg = Debug|x64
		{CC2F7B6E-7CA1-4C41-AEBA-8994CA99BFA3}.Debug|x64.Build.0 = Debug|x64
		{CC2F7B6E-7CA1-4C41-AEBA-8994CA99BFA3}.Debug|x86.ActiveCfg = Debug|Win32
		{CC2F7B6E-7CA1-4C41-AEBA-8994CA99BFA3}.Debug|x86.Build.0 = Debug|Win32
		{CC2F7B6E-7CA1-4C41-AEBA-8994CA99BFA3}.Release|x64.ActiveCfg = Release|x64
		{CC2F7B6E-7CA1-4C41-AEBA-8994CA99BFA3}.Release|x64.Build.0 = Release|x64
		{CC2F7B6E-7CA1-4C41-AEBA-8994CA99BFA3}.Release|x86.ActiveCfg = Release|Win32
		{CC2F7B6E-7CA1-4C41-AEBA-8994CA99BFA3}.Release|x86.Build.0 = Release|Win32
	EndGlobalSection
	GlobalSection(SolutionProperties) = preSolution
		HideSolutionNode = FALSE
	EndGlobalSection
	GlobalSection(ExtensibilityGlobals) = postSolution
		SolutionGuid = {7D7670E9-33B2-45A9-9269-CB9C6BBA2286}
	EndGlobalSection
EndGlobal
